
Microsoft Visual Studio Solution File, Format Version 12.00
# Visual Studio Version 17
VisualStudioVersion = 17.5.2.0
MinimumVisualStudioVersion = 10.0.40219.1
Project("{FAE04EC0-301F-11D3-BF4B-00C04F79EFBC}") = "MusicDB.Api", "MusicDB.Api.csproj", "{9995564C-F1D4-4791-B4D2-77FC2E57BAF1}"
EndProject
Project("{2150E333-8FDC-42A3-9474-1A3956D46DE8}") = "Tests", "Tests", "{0AB3BF05-4346-4AA6-1389-037BE0695223}"
EndProject
Project("{FAE04EC0-301F-11D3-BF4B-00C04F79EFBC}") = "MusicDB.Api.Tests", "Tests\MusicDB.Api.Tests\MusicDB.Api.Tests.csproj", "{56C3C515-75A1-4126-A4A9-DF0DC87248E6}"
EndProject
Global
	GlobalSection(SolutionConfigurationPlatforms) = preSolution
		Debug|Any CPU = Debug|Any CPU
		Debug|x64 = Debug|x64
		Debug|x86 = Debug|x86
		Release|Any CPU = Release|Any CPU
		Release|x64 = Release|x64
		Release|x86 = Release|x86
	EndGlobalSection
	GlobalSection(ProjectConfigurationPlatforms) = postSolution
		{9995564C-F1D4-4791-B4D2-77FC2E57BAF1}.Debug|Any CPU.ActiveCfg = Debug|Any CPU
		{9995564C-F1D4-4791-B4D2-77FC2E57BAF1}.Debug|Any CPU.Build.0 = Debug|Any CPU
		{9995564C-F1D4-4791-B4D2-77FC2E57BAF1}.Debug|x64.ActiveCfg = Debug|Any CPU
		{9995564C-F1D4-4791-B4D2-77FC2E57BAF1}.Debug|x64.Build.0 = Debug|Any CPU
		{9995564C-F1D4-4791-B4D2-77FC2E57BAF1}.Debug|x86.ActiveCfg = Debug|Any CPU
		{9995564C-F1D4-4791-B4D2-77FC2E57BAF1}.Debug|x86.Build.0 = Debug|Any CPU
		{9995564C-F1D4-4791-B4D2-77FC2E57BAF1}.Release|Any CPU.ActiveCfg = Release|Any CPU
		{9995564C-F1D4-4791-B4D2-77FC2E57BAF1}.Release|Any CPU.Build.0 = Release|Any CPU
		{9995564C-F1D4-4791-B4D2-77FC2E57BAF1}.Release|x64.ActiveCfg = Release|Any CPU
		{9995564C-F1D4-4791-B4D2-77FC2E57BAF1}.Release|x64.Build.0 = Release|Any CPU
		{9995564C-F1D4-4791-B4D2-77FC2E57BAF1}.Release|x86.ActiveCfg = Release|Any CPU
		{9995564C-F1D4-4791-B4D2-77FC2E57BAF1}.Release|x86.Build.0 = Release|Any CPU
		{56C3C515-75A1-4126-A4A9-DF0DC87248E6}.Debug|Any CPU.ActiveCfg = Debug|Any CPU
		{56C3C515-75A1-4126-A4A9-DF0DC87248E6}.Debug|Any CPU.Build.0 = Debug|Any CPU
		{56C3C515-75A1-4126-A4A9-DF0DC87248E6}.Debug|x64.ActiveCfg = Debug|Any CPU
		{56C3C515-75A1-4126-A4A9-DF0DC87248E6}.Debug|x64.Build.0 = Debug|Any CPU
		{56C3C515-75A1-4126-A4A9-DF0DC87248E6}.Debug|x86.ActiveCfg = Debug|Any CPU
		{56C3C515-75A1-4126-A4A9-DF0DC87248E6}.Debug|x86.Build.0 = Debug|Any CPU
		{56C3C515-75A1-4126-A4A9-DF0DC87248E6}.Release|Any CPU.ActiveCfg = Release|Any CPU
		{56C3C515-75A1-4126-A4A9-DF0DC87248E6}.Release|Any CPU.Build.0 = Release|Any CPU
		{56C3C515-75A1-4126-A4A9-DF0DC87248E6}.Release|x64.ActiveCfg = Release|Any CPU
		{56C3C515-75A1-4126-A4A9-DF0DC87248E6}.Release|x64.Build.0 = Release|Any CPU
		{56C3C515-75A1-4126-A4A9-DF0DC87248E6}.Release|x86.ActiveCfg = Release|Any CPU
		{56C3C515-75A1-4126-A4A9-DF0DC87248E6}.Release|x86.Build.0 = Release|Any CPU
	EndGlobalSection
	GlobalSection(SolutionProperties) = preSolution
		HideSolutionNode = FALSE
	EndGlobalSection
	GlobalSection(NestedProjects) = preSolution
		{56C3C515-75A1-4126-A4A9-DF0DC87248E6} = {0AB3BF05-4346-4AA6-1389-037BE0695223}
	EndGlobalSection
	GlobalSection(ExtensibilityGlobals) = postSolution
		SolutionGuid = {6AF597A9-21F5-4640-9BE9-500E903A6CAC}
	EndGlobalSection
EndGlobal
